
Microsoft Visual Studio Solution File, Format Version 12.00
# Visual Studio Version 17
VisualStudioVersion = 17.14.36811.4 d17.14
MinimumVisualStudioVersion = 10.0.40219.1
Project("{888888A0-9F3D-457C-B088-3A5042F75D52}") = "ajazz-controller", "ajazz-controller.pyproj", "{5B8D0EE3-69F1-4A1E-8F39-1819B3B19F90}"
EndProject
Global
	GlobalSection(SolutionConfigurationPlatforms) = preSolution
		Debug|Any CPU = Debug|Any CPU
		Release|Any CPU = Release|Any CPU
	EndGlobalSection
	GlobalSection(ProjectConfigurationPlatforms) = postSolution
		{5B8D0EE3-69F1-4A1E-8F39-1819B3B19F90}.Debug|Any CPU.ActiveCfg = Debug|Any CPU
		{5B8D0EE3-69F1-4A1E-8F39-1819B3B19F90}.Release|Any CPU.ActiveCfg = Release|Any CPU
	EndGlobalSection
	GlobalSection(SolutionProperties) = preSolution
		HideSolutionNode = FALSE
	EndGlobalSection
	GlobalSection(ExtensibilityGlobals) = postSolution
		SolutionGuid = {34241E59-318B-4DA0-BF89-BFE2724AB975}
	EndGlobalSection
EndGlobal
